{
    "requires": true,
    "lockfileVersion": 1,
    "dependencies": {
        "tinymce": {
            "version": "4.7.13",
            "resolved": "https://registry.npmjs.org/tinymce/-/tinymce-4.7.13.tgz",
            "integrity": "sha512-6QbNYGV4VExH+p7+o/5km6jOnVSD5mO7aw0s+eKByKnpyG8gZfajxXPhwBM57r7SIravrCI6LFj8DARNe31qPw=="
        }
    }
}
